// !$*UTF8*$!
{
	archiveVersion = 1;
	classes = {
	};
	objectVersion = 55;
	objects = {

/* Begin PBXBuildFile section */
		19C8F6A3276F064300AAC831 /* AppDelegate.swift in Sources */ = {isa = PBXBuildFile; fileRef = 19C8F6A2276F064300AAC831 /* AppDelegate.swift */; };
		19C8F6A5276F064300AAC831 /* SceneDelegate.swift in Sources */ = {isa = PBXBuildFile; fileRef = 19C8F6A4276F064300AAC831 /* SceneDelegate.swift */; };
		19C8F6A7276F064300AAC831 /* ViewController.swift in Sources */ = {isa = PBXBuildFile; fileRef = 19C8F6A6276F064300AAC831 /* ViewController.swift */; };
		19C8F6AA276F064300AAC831 /* Main.storyboard in Resources */ = {isa = PBXBuildFile; fileRef = 19C8F6A8276F064300AAC831 /* Main.storyboard */; };
		19C8F6AC276F064400AAC831 /* Assets.xcassets in Resources */ = {isa = PBXBuildFile; fileRef = 19C8F6AB276F064400AAC831 /* Assets.xcassets */; };
		19C8F6AF276F064400AAC831 /* LaunchScreen.storyboard in Resources */ = {isa = PBXBuildFile; fileRef = 19C8F6AD276F064400AAC831 /* LaunchScreen.storyboard */; };
		19C8F6BA276F064400AAC831 /* barcodePrjTests.swift in Sources */ = {isa = PBXBuildFile; fileRef = 19C8F6B9276F064400AAC831 /* barcodePrjTests.swift */; };
		19C8F6C4276F064400AAC831 /* barcodePrjUITests.swift in Sources */ = {isa = PBXBuildFile; fileRef = 19C8F6C3276F064400AAC831 /* barcodePrjUITests.swift */; };
		19C8F6C6276F064400AAC831 /* barcodePrjUITestsLaunchTests.swift in Sources */ = {isa = PBXBuildFile; fileRef = 19C8F6C5276F064400AAC831 /* barcodePrjUITestsLaunchTests.swift */; };
		19C8F6D3276F08C500AAC831 /* ReaderView.swift in Sources */ = {isa = PBXBuildFile; fileRef = 19C8F6D2276F08C500AAC831 /* ReaderView.swift */; };
/* End PBXBuildFile section */

/* Begin PBXContainerItemProxy section */
		19C8F6B6276F064400AAC831 /* PBXContainerItemProxy */ = {
			isa = PBXContainerItemProxy;
			containerPortal = 19C8F697276F064300AAC831 /* Project object */;
			proxyType = 1;
			remoteGlobalIDString = 19C8F69E276F064300AAC831;
			remoteInfo = barcodePrj;
		};
		19C8F6C0276F064400AAC831 /* PBXContainerItemProxy */ = {
			isa = PBXContainerItemProxy;
			containerPortal = 19C8F697276F064300AAC831 /* Project object */;
			proxyType = 1;
			remoteGlobalIDString = 19C8F69E276F064300AAC831;
			remoteInfo = barcodePrj;
		};
/* End PBXContainerItemProxy section */

/* Begin PBXFileReference section */
		19C8F69F276F064300AAC831 /* barcodePrj.app */ = {isa = PBXFileReference; explicitFileType = wrapper.application; includeInIndex = 0; path = barcodePrj.app; sourceTree = BUILT_PRODUCTS_DIR; };
		19C8F6A2276F064300AAC831 /* AppDelegate.swift */ = {isa = PBXFileReference; lastKnownFileType = sourcecode.swift; path = AppDelegate.swift; sourceTree = "<group>"; };
		19C8F6A4276F064300AAC831 /* SceneDelegate.swift */ = {isa = PBXFileReference; lastKnownFileType = sourcecode.swift; path = SceneDelegate.swift; sourceTree = "<group>"; };
		19C8F6A6276F064300AAC831 /* ViewController.swift */ = {isa = PBXFileReference; lastKnownFileType = sourcecode.swift; path = ViewController.swift; sourceTree = "<group>"; };
		19C8F6A9276F064300AAC831 /* Base */ = {isa = PBXFileReference; lastKnownFileType = file.storyboard; name = Base; path = Base.lproj/Main.storyboard; sourceTree = "<group>"; };
		19C8F6AB276F064400AAC831 /* Assets.xcassets */ = {isa = PBXFileReference; lastKnownFileType = folder.assetcatalog; path = Assets.xcassets; sourceTree = "<group>"; };
		19C8F6AE276F064400AAC831 /* Base */ = {isa = PBXFileReference; lastKnownFileType = file.storyboard; name = Base; path = Base.lproj/LaunchScreen.storyboard; sourceTree = "<group>"; };
		19C8F6B0276F064400AAC831 /* Info.plist */ = {isa = PBXFileReference; lastKnownFileType = text.plist.xml; path = Info.plist; sourceTree = "<group>"; };
		19C8F6B5276F064400AAC831 /* barcodePrjTests.xctest */ = {isa = PBXFileReference; explicitFileType = wrapper.cfbundle; includeInIndex = 0; path = barcodePrjTests.xctest; sourceTree = BUILT_PRODUCTS_DIR; };
		19C8F6B9276F064400AAC831 /* barcodePrjTests.swift */ = {isa = PBXFileReference; lastKnownFileType = sourcecode.swift; path = barcodePrjTests.swift; sourceTree = "<group>"; };
		19C8F6BF276F064400AAC831 /* barcodePrjUITests.xctest */ = {isa = PBXFileReference; explicitFileType = wrapper.cfbundle; includeInIndex = 0; path = barcodePrjUITests.xctest; sourceTree = BUILT_PRODUCTS_DIR; };
		19C8F6C3276F064400AAC831 /* barcodePrjUITests.swift */ = {isa = PBXFileReference; lastKnownFileType = sourcecode.swift; path = barcodePrjUITests.swift; sourceTree = "<group>"; };
		19C8F6C5276F064400AAC831 /* barcodePrjUITestsLaunchTests.swift */ = {isa = PBXFileReference; lastKnownFileType = sourcecode.swift; path = barcodePrjUITestsLaunchTests.swift; sourceTree = "<group>"; };
		19C8F6D2276F08C500AAC831 /* ReaderView.swift */ = {isa = PBXFileReference; lastKnownFileType = sourcecode.swift; path = ReaderView.swift; sourceTree = "<group>"; };
/* End PBXFileReference section */

/* Begin PBXFrameworksBuildPhase section */
		19C8F69C276F064300AAC831 /* Frameworks */ = {
			isa = PBXFrameworksBuildPhase;
			buildActionMask = 2147483647;
			files = (
			);
			runOnlyForDeploymentPostprocessing = 0;
		};
		19C8F6B2276F064400AAC831 /* Frameworks */ = {
			isa = PBXFrameworksBuildPhase;
			buildActionMask = 2147483647;
			files = (
			);
			runOnlyForDeploymentPostprocessing = 0;
		};
		19C8F6BC276F064400AAC831 /* Frameworks */ = {
			isa = PBXFrameworksBuildPhase;
			buildActionMask = 2147483647;
			files = (
			);
			runOnlyForDeploymentPostprocessing = 0;
		};
/* End PBXFrameworksBuildPhase section */

/* Begin PBXGroup section */
		19C8F696276F064300AAC831 = {
			isa = PBXGroup;
			children = (
				19C8F6A1276F064300AAC831 /* barcodePrj */,
				19C8F6B8276F064400AAC831 /* barcodePrjTests */,
				19C8F6C2276F064400AAC831 /* barcodePrjUITests */,
				19C8F6A0276F064300AAC831 /* Products */,
			);
			sourceTree = "<group>";
		};
		19C8F6A0276F064300AAC831 /* Products */ = {
			isa = PBXGroup;
			children = (
				19C8F69F276F064300AAC831 /* barcodePrj.app */,
				19C8F6B5276F064400AAC831 /* barcodePrjTests.xctest */,
				19C8F6BF276F064400AAC831 /* barcodePrjUITests.xctest */,
			);
			name = Products;
			sourceTree = "<group>";
		};
		19C8F6A1276F064300AAC831 /* barcodePrj */ = {
			isa = PBXGroup;
			children = (
				19C8F6A2276F064300AAC831 /* AppDelegate.swift */,
				19C8F6A4276F064300AAC831 /* SceneDelegate.swift */,
				19C8F6A6276F064300AAC831 /* ViewController.swift */,
				19C8F6D2276F08C500AAC831 /* ReaderView.swift */,
				19C8F6A8276F064300AAC831 /* Main.storyboard */,
				19C8F6AB276F064400AAC831 /* Assets.xcassets */,
				19C8F6AD276F064400AAC831 /* LaunchScreen.storyboard */,
				19C8F6B0276F064400AAC831 /* Info.plist */,
			);
			path = barcodePrj;
			sourceTree = "<group>";
		};
		19C8F6B8276F064400AAC831 /* barcodePrjTests */ = {
			isa = PBXGroup;
			children = (
				19C8F6B9276F064400AAC831 /* barcodePrjTests.swift */,
			);
			path = barcodePrjTests;
			sourceTree = "<group>";
		};
		19C8F6C2276F064400AAC831 /* barcodePrjUITests */ = {
			isa = PBXGroup;
			children = (
				19C8F6C3276F064400AAC831 /* barcodePrjUITests.swift */,
				19C8F6C5276F064400AAC831 /* barcodePrjUITestsLaunchTests.swift */,
			);
			path = barcodePrjUITests;
			sourceTree = "<group>";
		};
/* End PBXGroup section */

/* Begin PBXNativeTarget section */
		19C8F69E276F064300AAC831 /* barcodePrj */ = {
			isa = PBXNativeTarget;
			buildConfigurationList = 19C8F6C9276F064400AAC831 /* Build configuration list for PBXNativeTarget "barcodePrj" */;
			buildPhases = (
				19C8F69B276F064300AAC831 /* Sources */,
				19C8F69C276F064300AAC831 /* Frameworks */,
				19C8F69D276F064300AAC831 /* Resources */,
			);
			buildRules = (
			);
			dependencies = (
			);
			name = barcodePrj;
			productName = barcodePrj;
			productReference = 19C8F69F276F064300AAC831 /* barcodePrj.app */;
			productType = "com.apple.product-type.application";
		};
		19C8F6B4276F064400AAC831 /* barcodePrjTests */ = {
			isa = PBXNativeTarget;
			buildConfigurationList = 19C8F6CC276F064400AAC831 /* Build configuration list for PBXNativeTarget "barcodePrjTests" */;
			buildPhases = (
				19C8F6B1276F064400AAC831 /* Sources */,
				19C8F6B2276F064400AAC831 /* Frameworks */,
				19C8F6B3276F064400AAC831 /* Resources */,
			);
			buildRules = (
			);
			dependencies = (
				19C8F6B7276F064400AAC831 /* PBXTargetDependency */,
			);
			name = barcodePrjTests;
			productName = barcodePrjTests;
			productReference = 19C8F6B5276F064400AAC831 /* barcodePrjTests.xctest */;
			productType = "com.apple.product-type.bundle.unit-test";
		};
		19C8F6BE276F064400AAC831 /* barcodePrjUITests */ = {
			isa = PBXNativeTarget;
			buildConfigurationList = 19C8F6CF276F064400AAC831 /* Build configuration list for PBXNativeTarget "barcodePrjUITests" */;
			buildPhases = (
				19C8F6BB276F064400AAC831 /* Sources */,
				19C8F6BC276F064400AAC831 /* Frameworks */,
				19C8F6BD276F064400AAC831 /* Resources */,
			);
			buildRules = (
			);
			dependencies = (
				19C8F6C1276F064400AAC831 /* PBXTargetDependency */,
			);
			name = barcodePrjUITests;
			productName = barcodePrjUITests;
			productReference = 19C8F6BF276F064400AAC831 /* barcodePrjUITests.xctest */;
			productType = "com.apple.product-type.bundle.ui-testing";
		};
/* End PBXNativeTarget section */

/* Begin PBXProject section */
		19C8F697276F064300AAC831 /* Project object */ = {
			isa = PBXProject;
			attributes = {
				BuildIndependentTargetsInParallel = 1;
				LastSwiftUpdateCheck = 1310;
				LastUpgradeCheck = 1310;
				TargetAttributes = {
					19C8F69E276F064300AAC831 = {
						CreatedOnToolsVersion = 13.1;
					};
					19C8F6B4276F064400AAC831 = {
						CreatedOnToolsVersion = 13.1;
						TestTargetID = 19C8F69E276F064300AAC831;
					};
					19C8F6BE276F064400AAC831 = {
						CreatedOnToolsVersion = 13.1;
						TestTargetID = 19C8F69E276F064300AAC831;
					};
				};
			};
			buildConfigurationList = 19C8F69A276F064300AAC831 /* Build configuration list for PBXProject "barcodePrj" */;
			compatibilityVersion = "Xcode 13.0";
			developmentRegion = en;
			hasScannedForEncodings = 0;
			knownRegions = (
				en,
				Base,
			);
			mainGroup = 19C8F696276F064300AAC831;
			productRefGroup = 19C8F6A0276F064300AAC831 /* Products */;
			projectDirPath = "";
			projectRoot = "";
			targets = (
				19C8F69E276F064300AAC831 /* barcodePrj */,
				19C8F6B4276F064400AAC831 /* barcodePrjTests */,
				19C8F6BE276F064400AAC831 /* barcodePrjUITests */,
			);
		};
/* End PBXProject section */

/* Begin PBXResourcesBuildPhase section */
		19C8F69D276F064300AAC831 /* Resources */ = {
			isa = PBXResourcesBuildPhase;
			buildActionMask = 2147483647;
			files = (
				19C8F6AF276F064400AAC831 /* LaunchScreen.storyboard in Resources */,
				19C8F6AC276F064400AAC831 /* Assets.xcassets in Resources */,
				19C8F6AA276F064300AAC831 /* Main.storyboard in Resources */,
			);
			runOnlyForDeploymentPostprocessing = 0;
		};
		19C8F6B3276F064400AAC831 /* Resources */ = {
			isa = PBXResourcesBuildPhase;
			buildActionMask = 2147483647;
			files = (
			);
			runOnlyForDeploymentPostprocessing = 0;
		};
		19C8F6BD276F064400AAC831 /* Resources */ = {
			isa = PBXResourcesBuildPhase;
			buildActionMask = 2147483647;
			files = (
			);
			runOnlyForDeploymentPostprocessing = 0;
		};
/* End PBXResourcesBuildPhase section */

/* Begin PBXSourcesBuildPhase section */
		19C8F69B276F064300AAC831 /* Sources */ = {
			isa = PBXSourcesBuildPhase;
			buildActionMask = 2147483647;
			files = (
				19C8F6A7276F064300AAC831 /* ViewController.swift in Sources */,
				19C8F6D3276F08C500AAC831 /* ReaderView.swift in Sources */,
				19C8F6A3276F064300AAC831 /* AppDelegate.swift in Sources */,
				19C8F6A5276F064300AAC831 /* SceneDelegate.swift in Sources */,
			);
			runOnlyForDeploymentPostprocessing = 0;
		};
		19C8F6B1276F064400AAC831 /* Sources */ = {
			isa = PBXSourcesBuildPhase;
			buildActionMask = 2147483647;
			files = (
				19C8F6BA276F064400AAC831 /* barcodePrjTests.swift in Sources */,
			);
			runOnlyForDeploymentPostprocessing = 0;
		};
		19C8F6BB276F064400AAC831 /* Sources */ = {
			isa = PBXSourcesBuildPhase;
			buildActionMask = 2147483647;
			files = (
				19C8F6C6276F064400AAC831 /* barcodePrjUITestsLaunchTests.swift in Sources */,
				19C8F6C4276F064400AAC831 /* barcodePrjUITests.swift in Sources */,
			);
			runOnlyForDeploymentPostprocessing = 0;
		};
/* End PBXSourcesBuildPhase section */

/* Begin PBXTargetDependency section */
		19C8F6B7276F064400AAC831 /* PBXTargetDependency */ = {
			isa = PBXTargetDependency;
			target = 19C8F69E276F064300AAC831 /* barcodePrj */;
			targetProxy = 19C8F6B6276F064400AAC831 /* PBXContainerItemProxy */;
		};
		19C8F6C1276F064400AAC831 /* PBXTargetDependency */ = {
			isa = PBXTargetDependency;
			target = 19C8F69E276F064300AAC831 /* barcodePrj */;
			targetProxy = 19C8F6C0276F064400AAC831 /* PBXContainerItemProxy */;
		};
/* End PBXTargetDependency section */

/* Begin PBXVariantGroup section */
		19C8F6A8276F064300AAC831 /* Main.storyboard */ = {
			isa = PBXVariantGroup;
			children = (
				19C8F6A9276F064300AAC831 /* Base */,
			);
			name = Main.storyboard;
			sourceTree = "<group>";
		};
		19C8F6AD276F064400AAC831 /* LaunchScreen.storyboard */ = {
			isa = PBXVariantGroup;
			children = (
				19C8F6AE276F064400AAC831 /* Base */,
			);
			name = LaunchScreen.storyboard;
			sourceTree = "<group>";
		};
/* End PBXVariantGroup section */

/* Begin XCBuildConfiguration section */
		19C8F6C7276F064400AAC831 /* Debug */ = {
			isa = XCBuildConfiguration;
			buildSettings = {
				ALWAYS_SEARCH_USER_PATHS = NO;
				CLANG_ANALYZER_NONNULL = YES;
				CLANG_ANALYZER_NUMBER_OBJECT_CONVERSION = YES_AGGRESSIVE;
				CLANG_CXX_LANGUAGE_STANDARD = "gnu++17";
				CLANG_CXX_LIBRARY = "libc++";
				CLANG_ENABLE_MODULES = YES;
				CLANG_ENABLE_OBJC_ARC = YES;
				CLANG_ENABLE_OBJC_WEAK = YES;
				CLANG_WARN_BLOCK_CAPTURE_AUTORELEASING = YES;
				CLANG_WARN_BOOL_CONVERSION = YES;
				CLANG_WARN_COMMA = YES;
				CLANG_WARN_CONSTANT_CONVERSION = YES;
				CLANG_WARN_DEPRECATED_OBJC_IMPLEMENTATIONS = YES;
				CLANG_WARN_DIRECT_OBJC_ISA_USAGE = YES_ERROR;
				CLANG_WARN_DOCUMENTATION_COMMENTS = YES;
				CLANG_WARN_EMPTY_BODY = YES;
				CLANG_WARN_ENUM_CONVERSION = YES;
				CLANG_WARN_INFINITE_RECURSION = YES;
				CLANG_WARN_INT_CONVERSION = YES;
				CLANG_WARN_NON_LITERAL_NULL_CONVERSION = YES;
				CLANG_WARN_OBJC_IMPLICIT_RETAIN_SELF = YES;
				CLANG_WARN_OBJC_LITERAL_CONVERSION = YES;
				CLANG_WARN_OBJC_ROOT_CLASS = YES_ERROR;
				CLANG_WARN_QUOTED_INCLUDE_IN_FRAMEWORK_HEADER = YES;
				CLANG_WARN_RANGE_LOOP_ANALYSIS = YES;
				CLANG_WARN_STRICT_PROTOTYPES = YES;
				CLANG_WARN_SUSPICIOUS_MOVE = YES;
				CLANG_WARN_UNGUARDED_AVAILABILITY = YES_AGGRESSIVE;
				CLANG_WARN_UNREACHABLE_CODE = YES;
				CLANG_WARN__DUPLICATE_METHOD_MATCH = YES;
				COPY_PHASE_STRIP = NO;
				DEBUG_INFORMATION_FORMAT = dwarf;
				ENABLE_STRICT_OBJC_MSGSEND = YES;
				ENABLE_TESTABILITY = YES;
				GCC_C_LANGUAGE_STANDARD = gnu11;
				GCC_DYNAMIC_NO_PIC = NO;
				GCC_NO_COMMON_BLOCKS = YES;
				GCC_OPTIMIZATION_LEVEL = 0;
				GCC_PREPROCESSOR_DEFINITIONS = (
					"DEBUG=1",
					"$(inherited)",
				);
				GCC_WARN_64_TO_32_BIT_CONVERSION = YES;
				GCC_WARN_ABOUT_RETURN_TYPE = YES_ERROR;
				GCC_WARN_UNDECLARED_SELECTOR = YES;
				GCC_WARN_UNINITIALIZED_AUTOS = YES_AGGRESSIVE;
				GCC_WARN_UNUSED_FUNCTION = YES;
				GCC_WARN_UNUSED_VARIABLE = YES;
				IPHONEOS_DEPLOYMENT_TARGET = 15.0;
				MTL_ENABLE_DEBUG_INFO = INCLUDE_SOURCE;
				MTL_FAST_MATH = YES;
				ONLY_ACTIVE_ARCH = YES;
				SDKROOT = iphoneos;
				SWIFT_ACTIVE_COMPILATION_CONDITIONS = DEBUG;
				SWIFT_OPTIMIZATION_LEVEL = "-Onone";
			};
			name = Debug;
		};
		19C8F6C8276F064400AAC831 /* Release */ = {
			isa = XCBuildConfiguration;
			buildSettings = {
				ALWAYS_SEARCH_USER_PATHS = NO;
				CLANG_ANALYZER_NONNULL = YES;
				CLANG_ANALYZER_NUMBER_OBJECT_CONVERSION = YES_AGGRESSIVE;
				CLANG_CXX_LANGUAGE_STANDARD = "gnu++17";
				CLANG_CXX_LIBRARY = "libc++";
				CLANG_ENABLE_MODULES = YES;
				CLANG_ENABLE_OBJC_ARC = YES;
				CLANG_ENABLE_OBJC_WEAK = YES;
				CLANG_WARN_BLOCK_CAPTURE_AUTORELEASING = YES;
				CLANG_WARN_BOOL_CONVERSION = YES;
				CLANG_WARN_COMMA = YES;
				CLANG_WARN_CONSTANT_CONVERSION = YES;
				CLANG_WARN_DEPRECATED_OBJC_IMPLEMENTATIONS = YES;
				CLANG_WARN_DIRECT_OBJC_ISA_USAGE = YES_ERROR;
				CLANG_WARN_DOCUMENTATION_COMMENTS = YES;
				CLANG_WARN_EMPTY_BODY = YES;
				CLANG_WARN_ENUM_CONVERSION = YES;
				CLANG_WARN_INFINITE_RECURSION = YES;
				CLANG_WARN_INT_CONVERSION = YES;
				CLANG_WARN_NON_LITERAL_NULL_CONVERSION = YES;
				CLANG_WARN_OBJC_IMPLICIT_RETAIN_SELF = YES;
				CLANG_WARN_OBJC_LITERAL_CONVERSION = YES;
				CLANG_WARN_OBJC_ROOT_CLASS = YES_ERROR;
				CLANG_WARN_QUOTED_INCLUDE_IN_FRAMEWORK_HEADER = YES;
				CLANG_WARN_RANGE_LOOP_ANALYSIS = YES;
				CLANG_WARN_STRICT_PROTOTYPES = YES;
				CLANG_WARN_SUSPICIOUS_MOVE = YES;
				CLANG_WARN_UNGUARDED_AVAILABILITY = YES_AGGRESSIVE;
				CLANG_WARN_UNREACHABLE_CODE = YES;
				CLANG_WARN__DUPLICATE_METHOD_MATCH = YES;
				COPY_PHASE_STRIP = NO;
				DEBUG_INFORMATION_FORMAT = "dwarf-with-dsym";
				ENABLE_NS_ASSERTIONS = NO;
				ENABLE_STRICT_OBJC_MSGSEND = YES;
				GCC_C_LANGUAGE_STANDARD = gnu11;
				GCC_NO_COMMON_BLOCKS = YES;
				GCC_WARN_64_TO_32_BIT_CONVERSION = YES;
				GCC_WARN_ABOUT_RETURN_TYPE = YES_ERROR;
				GCC_WARN_UNDECLARED_SELECTOR = YES;
				GCC_WARN_UNINITIALIZED_AUTOS = YES_AGGRESSIVE;
				GCC_WARN_UNUSED_FUNCTION = YES;
				GCC_WARN_UNUSED_VARIABLE = YES;
				IPHONEOS_DEPLOYMENT_TARGET = 15.0;
				MTL_ENABLE_DEBUG_INFO = NO;
				MTL_FAST_MATH = YES;
				SDKROOT = iphoneos;
				SWIFT_COMPILATION_MODE = wholemodule;
				SWIFT_OPTIMIZATION_LEVEL = "-O";
				VALIDATE_PRODUCT = YES;
			};
			name = Release;
		};
		19C8F6CA276F064400AAC831 /* Debug */ = {
			isa = XCBuildConfiguration;
			buildSettings = {
				ASSETCATALOG_COMPILER_APPICON_NAME = AppIcon;
				ASSETCATALOG_COMPILER_GLOBAL_ACCENT_COLOR_NAME = AccentColor;
				CODE_SIGN_STYLE = Automatic;
				CURRENT_PROJECT_VERSION = 1;
				DEVELOPMENT_TEAM = K2VAN9GH96;
				GENERATE_INFOPLIST_FILE = YES;
				INFOPLIST_FILE = barcodePrj/Info.plist;
				INFOPLIST_KEY_UIApplicationSupportsIndirectInputEvents = YES;
				INFOPLIST_KEY_UILaunchStoryboardName = LaunchScreen;
				INFOPLIST_KEY_UIMainStoryboardFile = Main;
				INFOPLIST_KEY_UISupportedInterfaceOrientations_iPad = "UIInterfaceOrientationPortrait UIInterfaceOrientationPortraitUpsideDown UIInterfaceOrientationLandscapeLeft UIInterfaceOrientationLandscapeRight";
				INFOPLIST_KEY_UISupportedInterfaceOrientations_iPhone = "UIInterfaceOrientationPortrait UIInterfaceOrientationLandscapeLeft UIInterfaceOrientationLandscapeRight";
				LD_RUNPATH_SEARCH_PATHS = (
					"$(inherited)",
					"@executable_path/Frameworks",
				);
				MARKETING_VERSION = 1.0;
				PRODUCT_BUNDLE_IDENTIFIER = com.loinsir.barcodePrj;
				PRODUCT_NAME = "$(TARGET_NAME)";
				SWIFT_EMIT_LOC_STRINGS = YES;
				SWIFT_VERSION = 5.0;
				TARGETED_DEVICE_FAMILY = "1,2";
			};
			name = Debug;
		};
		19C8F6CB276F064400AAC831 /* Release */ = {
			isa = XCBuildConfiguration;
			buildSettings = {
				ASSETCATALOG_COMPILER_APPICON_NAME = AppIcon;
				ASSETCATALOG_COMPILER_GLOBAL_ACCENT_COLOR_NAME = AccentColor;
				CODE_SIGN_STYLE = Automatic;
				CURRENT_PROJECT_VERSION = 1;
				DEVELOPMENT_TEAM = K2VAN9GH96;
				GENERATE_INFOPLIST_FILE = YES;
				INFOPLIST_FILE = barcodePrj/Info.plist;
				INFOPLIST_KEY_UIApplicationSupportsIndirectInputEvents = YES;
				INFOPLIST_KEY_UILaunchStoryboardName = LaunchScreen;
				INFOPLIST_KEY_UIMainStoryboardFile = Main;
				INFOPLIST_KEY_UISupportedInterfaceOrientations_iPad = "UIInterfaceOrientationPortrait UIInterfaceOrientationPortraitUpsideDown UIInterfaceOrientationLandscapeLeft UIInterfaceOrientationLandscapeRight";
				INFOPLIST_KEY_UISupportedInterfaceOrientations_iPhone = "UIInterfaceOrientationPortrait UIInterfaceOrientationLandscapeLeft UIInterfaceOrientationLandscapeRight";
				LD_RUNPATH_SEARCH_PATHS = (
					"$(inherited)",
					"@executable_path/Frameworks",
				);
				MARKETING_VERSION = 1.0;
				PRODUCT_BUNDLE_IDENTIFIER = com.loinsir.barcodePrj;
				PRODUCT_NAME = "$(TARGET_NAME)";
				SWIFT_EMIT_LOC_STRINGS = YES;
				SWIFT_VERSION = 5.0;
				TARGETED_DEVICE_FAMILY = "1,2";
			};
			name = Release;
		};
		19C8F6CD276F064400AAC831 /* Debug */ = {
			isa = XCBuildConfiguration;
			buildSettings = {
				ALWAYS_EMBED_SWIFT_STANDARD_LIBRARIES = YES;
				BUNDLE_LOADER = "$(TEST_HOST)";
				CODE_SIGN_STYLE = Automatic;
				CURRENT_PROJECT_VERSION = 1;
				DEVELOPMENT_TEAM = K2VAN9GH96;
				GENERATE_INFOPLIST_FILE = YES;
				IPHONEOS_DEPLOYMENT_TARGET = 15.0;
				LD_RUNPATH_SEARCH_PATHS = (
					"$(inherited)",
					"@executable_path/Frameworks",
					"@loader_path/Frameworks",
				);
				MARKETING_VERSION = 1.0;
				PRODUCT_BUNDLE_IDENTIFIER = com.loinsir.barcodePrjTests;
				PRODUCT_NAME = "$(TARGET_NAME)";
				SWIFT_EMIT_LOC_STRINGS = NO;
				SWIFT_VERSION = 5.0;
				TARGETED_DEVICE_FAMILY = "1,2";
				TEST_HOST = "$(BUILT_PRODUCTS_DIR)/barcodePrj.app/barcodePrj";
			};
			name = Debug;
		};
		19C8F6CE276F064400AAC831 /* Release */ = {
			isa = XCBuildConfiguration;
			buildSettings = {
				ALWAYS_EMBED_SWIFT_STANDARD_LIBRARIES = YES;
				BUNDLE_LOADER = "$(TEST_HOST)";
				CODE_SIGN_STYLE = Automatic;
				CURRENT_PROJECT_VERSION = 1;
				DEVELOPMENT_TEAM = K2VAN9GH96;
				GENERATE_INFOPLIST_FILE = YES;
				IPHONEOS_DEPLOYMENT_TARGET = 15.0;
				LD_RUNPATH_SEARCH_PATHS = (
					"$(inherited)",
					"@executable_path/Frameworks",
					"@loader_path/Frameworks",
				);
				MARKETING_VERSION = 1.0;
				PRODUCT_BUNDLE_IDENTIFIER = com.loinsir.barcodePrjTests;
				PRODUCT_NAME = "$(TARGET_NAME)";
				SWIFT_EMIT_LOC_STRINGS = NO;
				SWIFT_VERSION = 5.0;
				TARGETED_DEVICE_FAMILY = "1,2";
				TEST_HOST = "$(BUILT_PRODUCTS_DIR)/barcodePrj.app/barcodePrj";
			};
			name = Release;
		};
		19C8F6D0276F064400AAC831 /* Debug */ = {
			isa = XCBuildConfiguration;
			buildSettings = {
				ALWAYS_EMBED_SWIFT_STANDARD_LIBRARIES = YES;
				CODE_SIGN_STYLE = Automatic;
				CURRENT_PROJECT_VERSION = 1;
				DEVELOPMENT_TEAM = K2VAN9GH96;
				GENERATE_INFOPLIST_FILE = YES;
				LD_RUNPATH_SEARCH_PATHS = (
					"$(inherited)",
					"@executable_path/Frameworks",
					"@loader_path/Frameworks",
				);
				MARKETING_VERSION = 1.0;
				PRODUCT_BUNDLE_IDENTIFIER = com.loinsir.barcodePrjUITests;
				PRODUCT_NAME = "$(TARGET_NAME)";
				SWIFT_EMIT_LOC_STRINGS = NO;
				SWIFT_VERSION = 5.0;
				TARGETED_DEVICE_FAMILY = "1,2";
				TEST_TARGET_NAME = barcodePrj;
			};
			name = Debug;
		};
		19C8F6D1276F064400AAC831 /* Release */ = {
			isa = XCBuildConfiguration;
			buildSettings = {
				ALWAYS_EMBED_SWIFT_STANDARD_LIBRARIES = YES;
				CODE_SIGN_STYLE = Automatic;
				CURRENT_PROJECT_VERSION = 1;
				DEVELOPMENT_TEAM = K2VAN9GH96;
				GENERATE_INFOPLIST_FILE = YES;
				LD_RUNPATH_SEARCH_PATHS = (
					"$(inherited)",
					"@executable_path/Frameworks",
					"@loader_path/Frameworks",
				);
				MARKETING_VERSION = 1.0;
				PRODUCT_BUNDLE_IDENTIFIER = com.loinsir.barcodePrjUITests;
				PRODUCT_NAME = "$(TARGET_NAME)";
				SWIFT_EMIT_LOC_STRINGS = NO;
				SWIFT_VERSION = 5.0;
				TARGETED_DEVICE_FAMILY = "1,2";
				TEST_TARGET_NAME = barcodePrj;
			};
			name = Release;
		};
/* End XCBuildConfiguration section */

/* Begin XCConfigurationList section */
		19C8F69A276F064300AAC831 /* Build configuration list for PBXProject "barcodePrj" */ = {
			isa = XCConfigurationList;
			buildConfigurations = (
				19C8F6C7276F064400AAC831 /* Debug */,
				19C8F6C8276F064400AAC831 /* Release */,
			);
			defaultConfigurationIsVisible = 0;
			defaultConfigurationName = Release;
		};
		19C8F6C9276F064400AAC831 /* Build configuration list for PBXNativeTarget "barcodePrj" */ = {
			isa = XCConfigurationList;
			buildConfigurations = (
				19C8F6CA276F064400AAC831 /* Debug */,
				19C8F6CB276F064400AAC831 /* Release */,
			);
			defaultConfigurationIsVisible = 0;
			defaultConfigurationName = Release;
		};
		19C8F6CC276F064400AAC831 /* Build configuration list for PBXNativeTarget "barcodePrjTests" */ = {
			isa = XCConfigurationList;
			buildConfigurations = (
				19C8F6CD276F064400AAC831 /* Debug */,
				19C8F6CE276F064400AAC831 /* Release */,
			);
			defaultConfigurationIsVisible = 0;
			defaultConfigurationName = Release;
		};
		19C8F6CF276F064400AAC831 /* Build configuration list for PBXNativeTarget "barcodePrjUITests" */ = {
			isa = XCConfigurationList;
			buildConfigurations = (
				19C8F6D0276F064400AAC831 /* Debug */,
				19C8F6D1276F064400AAC831 /* Release */,
			);
			defaultConfigurationIsVisible = 0;
			defaultConfigurationName = Release;
		};
/* End XCConfigurationList section */
	};
	rootObject = 19C8F697276F064300AAC831 /* Project object */;
}
